// !$*UTF8*$!
{
	archiveVersion = 1;
	classes = {
	};
	objectVersion = 55;
	objects = {

/* Begin PBXBuildFile section */
		592D5B5A28CEC079003F8B5C /* AppDelegate.swift in Sources */ = {isa = PBXBuildFile; fileRef = 592D5B5928CEC079003F8B5C /* AppDelegate.swift */; };
		592D5B5C28CEC079003F8B5C /* SceneDelegate.swift in Sources */ = {isa = PBXBuildFile; fileRef = 592D5B5B28CEC079003F8B5C /* SceneDelegate.swift */; };
		592D5B5E28CEC079003F8B5C /* ViewController.swift in Sources */ = {isa = PBXBuildFile; fileRef = 592D5B5D28CEC079003F8B5C /* ViewController.swift */; };
		592D5B6128CEC079003F8B5C /* Main.storyboard in Resources */ = {isa = PBXBuildFile; fileRef = 592D5B5F28CEC079003F8B5C /* Main.storyboard */; };
		592D5B6428CEC079003F8B5C /* CoronaTracker.xcdatamodeld in Sources */ = {isa = PBXBuildFile; fileRef = 592D5B6228CEC079003F8B5C /* CoronaTracker.xcdatamodeld */; };
		592D5B6628CEC07C003F8B5C /* Assets.xcassets in Resources */ = {isa = PBXBuildFile; fileRef = 592D5B6528CEC07C003F8B5C /* Assets.xcassets */; };
		592D5B6928CEC07C003F8B5C /* LaunchScreen.storyboard in Resources */ = {isa = PBXBuildFile; fileRef = 592D5B6728CEC07C003F8B5C /* LaunchScreen.storyboard */; };
		592D5B7428CEC07C003F8B5C /* CoronaTrackerTests.swift in Sources */ = {isa = PBXBuildFile; fileRef = 592D5B7328CEC07C003F8B5C /* CoronaTrackerTests.swift */; };
		592D5B7E28CEC07C003F8B5C /* CoronaTrackerUITests.swift in Sources */ = {isa = PBXBuildFile; fileRef = 592D5B7D28CEC07C003F8B5C /* CoronaTrackerUITests.swift */; };
		592D5B8028CEC07C003F8B5C /* CoronaTrackerUITestsLaunchTests.swift in Sources */ = {isa = PBXBuildFile; fileRef = 592D5B7F28CEC07C003F8B5C /* CoronaTrackerUITestsLaunchTests.swift */; };
		592D5B8D28CED589003F8B5C /* Results.swift in Sources */ = {isa = PBXBuildFile; fileRef = 592D5B8C28CED589003F8B5C /* Results.swift */; };
		592D5B8F28CEDAFC003F8B5C /* passingInfo.swift in Sources */ = {isa = PBXBuildFile; fileRef = 592D5B8E28CEDAFC003F8B5C /* passingInfo.swift */; };
/* End PBXBuildFile section */

/* Begin PBXContainerItemProxy section */
		592D5B7028CEC07C003F8B5C /* PBXContainerItemProxy */ = {
			isa = PBXContainerItemProxy;
			containerPortal = 592D5B4E28CEC079003F8B5C /* Project object */;
			proxyType = 1;
			remoteGlobalIDString = 592D5B5528CEC079003F8B5C;
			remoteInfo = CoronaTracker;
		};
		592D5B7A28CEC07C003F8B5C /* PBXContainerItemProxy */ = {
			isa = PBXContainerItemProxy;
			containerPortal = 592D5B4E28CEC079003F8B5C /* Project object */;
			proxyType = 1;
			remoteGlobalIDString = 592D5B5528CEC079003F8B5C;
			remoteInfo = CoronaTracker;
		};
/* End PBXContainerItemProxy section */

/* Begin PBXFileReference section */
		592D5B5628CEC079003F8B5C /* CoronaTracker.app */ = {isa = PBXFileReference; explicitFileType = wrapper.application; includeInIndex = 0; path = CoronaTracker.app; sourceTree = BUILT_PRODUCTS_DIR; };
		592D5B5928CEC079003F8B5C /* AppDelegate.swift */ = {isa = PBXFileReference; lastKnownFileType = sourcecode.swift; path = AppDelegate.swift; sourceTree = "<group>"; };
		592D5B5B28CEC079003F8B5C /* SceneDelegate.swift */ = {isa = PBXFileReference; lastKnownFileType = sourcecode.swift; path = SceneDelegate.swift; sourceTree = "<group>"; };
		592D5B5D28CEC079003F8B5C /* ViewController.swift */ = {isa = PBXFileReference; lastKnownFileType = sourcecode.swift; path = ViewController.swift; sourceTree = "<group>"; };
		592D5B6028CEC079003F8B5C /* Base */ = {isa = PBXFileReference; lastKnownFileType = file.storyboard; name = Base; path = Base.lproj/Main.storyboard; sourceTree = "<group>"; };
		592D5B6328CEC079003F8B5C /* CoronaTracker.xcdatamodel */ = {isa = PBXFileReference; lastKnownFileType = wrapper.xcdatamodel; path = CoronaTracker.xcdatamodel; sourceTree = "<group>"; };
		592D5B6528CEC07C003F8B5C /* Assets.xcassets */ = {isa = PBXFileReference; lastKnownFileType = folder.assetcatalog; path = Assets.xcassets; sourceTree = "<group>"; };
		592D5B6828CEC07C003F8B5C /* Base */ = {isa = PBXFileReference; lastKnownFileType = file.storyboard; name = Base; path = Base.lproj/LaunchScreen.storyboard; sourceTree = "<group>"; };
		592D5B6A28CEC07C003F8B5C /* Info.plist */ = {isa = PBXFileReference; lastKnownFileType = text.plist.xml; path = Info.plist; sourceTree = "<group>"; };
		592D5B6F28CEC07C003F8B5C /* CoronaTrackerTests.xctest */ = {isa = PBXFileReference; explicitFileType = wrapper.cfbundle; includeInIndex = 0; path = CoronaTrackerTests.xctest; sourceTree = BUILT_PRODUCTS_DIR; };
		592D5B7328CEC07C003F8B5C /* CoronaTrackerTests.swift */ = {isa = PBXFileReference; lastKnownFileType = sourcecode.swift; path = CoronaTrackerTests.swift; sourceTree = "<group>"; };
		592D5B7928CEC07C003F8B5C /* CoronaTrackerUITests.xctest */ = {isa = PBXFileReference; explicitFileType = wrapper.cfbundle; includeInIndex = 0; path = CoronaTrackerUITests.xctest; sourceTree = BUILT_PRODUCTS_DIR; };
		592D5B7D28CEC07C003F8B5C /* CoronaTrackerUITests.swift */ = {isa = PBXFileReference; lastKnownFileType = sourcecode.swift; path = CoronaTrackerUITests.swift; sourceTree = "<group>"; };
		592D5B7F28CEC07C003F8B5C /* CoronaTrackerUITestsLaunchTests.swift */ = {isa = PBXFileReference; lastKnownFileType = sourcecode.swift; path = CoronaTrackerUITestsLaunchTests.swift; sourceTree = "<group>"; };
		592D5B8C28CED589003F8B5C /* Results.swift */ = {isa = PBXFileReference; lastKnownFileType = sourcecode.swift; path = Results.swift; sourceTree = "<group>"; };
		592D5B8E28CEDAFC003F8B5C /* passingInfo.swift */ = {isa = PBXFileReference; lastKnownFileType = sourcecode.swift; path = passingInfo.swift; sourceTree = "<group>"; };
/* End PBXFileReference section */

/* Begin PBXFrameworksBuildPhase section */
		592D5B5328CEC079003F8B5C /* Frameworks */ = {
			isa = PBXFrameworksBuildPhase;
			buildActionMask = 2147483647;
			files = (
			);
			runOnlyForDeploymentPostprocessing = 0;
		};
		592D5B6C28CEC07C003F8B5C /* Frameworks */ = {
			isa = PBXFrameworksBuildPhase;
			buildActionMask = 2147483647;
			files = (
			);
			runOnlyForDeploymentPostprocessing = 0;
		};
		592D5B7628CEC07C003F8B5C /* Frameworks */ = {
			isa = PBXFrameworksBuildPhase;
			buildActionMask = 2147483647;
			files = (
			);
			runOnlyForDeploymentPostprocessing = 0;
		};
/* End PBXFrameworksBuildPhase section */

/* Begin PBXGroup section */
		592D5B4D28CEC079003F8B5C = {
			isa = PBXGroup;
			children = (
				592D5B5828CEC079003F8B5C /* CoronaTracker */,
				592D5B7228CEC07C003F8B5C /* CoronaTrackerTests */,
				592D5B7C28CEC07C003F8B5C /* CoronaTrackerUITests */,
				592D5B5728CEC079003F8B5C /* Products */,
			);
			sourceTree = "<group>";
		};
		592D5B5728CEC079003F8B5C /* Products */ = {
			isa = PBXGroup;
			children = (
				592D5B5628CEC079003F8B5C /* CoronaTracker.app */,
				592D5B6F28CEC07C003F8B5C /* CoronaTrackerTests.xctest */,
				592D5B7928CEC07C003F8B5C /* CoronaTrackerUITests.xctest */,
			);
			name = Products;
			sourceTree = "<group>";
		};
		592D5B5828CEC079003F8B5C /* CoronaTracker */ = {
			isa = PBXGroup;
			children = (
				592D5B5928CEC079003F8B5C /* AppDelegate.swift */,
				592D5B5B28CEC079003F8B5C /* SceneDelegate.swift */,
				592D5B5D28CEC079003F8B5C /* ViewController.swift */,
				592D5B8C28CED589003F8B5C /* Results.swift */,
				592D5B5F28CEC079003F8B5C /* Main.storyboard */,
				592D5B8E28CEDAFC003F8B5C /* passingInfo.swift */,
				592D5B6528CEC07C003F8B5C /* Assets.xcassets */,
				592D5B6728CEC07C003F8B5C /* LaunchScreen.storyboard */,
				592D5B6A28CEC07C003F8B5C /* Info.plist */,
				592D5B6228CEC079003F8B5C /* CoronaTracker.xcdatamodeld */,
			);
			path = CoronaTracker;
			sourceTree = "<group>";
		};
		592D5B7228CEC07C003F8B5C /* CoronaTrackerTests */ = {
			isa = PBXGroup;
			children = (
				592D5B7328CEC07C003F8B5C /* CoronaTrackerTests.swift */,
			);
			path = CoronaTrackerTests;
			sourceTree = "<group>";
		};
		592D5B7C28CEC07C003F8B5C /* CoronaTrackerUITests */ = {
			isa = PBXGroup;
			children = (
				592D5B7D28CEC07C003F8B5C /* CoronaTrackerUITests.swift */,
				592D5B7F28CEC07C003F8B5C /* CoronaTrackerUITestsLaunchTests.swift */,
			);
			path = CoronaTrackerUITests;
			sourceTree = "<group>";
		};
/* End PBXGroup section */

/* Begin PBXNativeTarget section */
		592D5B5528CEC079003F8B5C /* CoronaTracker */ = {
			isa = PBXNativeTarget;
			buildConfigurationList = 592D5B8328CEC07C003F8B5C /* Build configuration list for PBXNativeTarget "CoronaTracker" */;
			buildPhases = (
				592D5B5228CEC079003F8B5C /* Sources */,
				592D5B5328CEC079003F8B5C /* Frameworks */,
				592D5B5428CEC079003F8B5C /* Resources */,
			);
			buildRules = (
			);
			dependencies = (
			);
			name = CoronaTracker;
			productName = CoronaTracker;
			productReference = 592D5B5628CEC079003F8B5C /* CoronaTracker.app */;
			productType = "com.apple.product-type.application";
		};
		592D5B6E28CEC07C003F8B5C /* CoronaTrackerTests */ = {
			isa = PBXNativeTarget;
			buildConfigurationList = 592D5B8628CEC07C003F8B5C /* Build configuration list for PBXNativeTarget "CoronaTrackerTests" */;
			buildPhases = (
				592D5B6B28CEC07C003F8B5C /* Sources */,
				592D5B6C28CEC07C003F8B5C /* Frameworks */,
				592D5B6D28CEC07C003F8B5C /* Resources */,
			);
			buildRules = (
			);
			dependencies = (
				592D5B7128CEC07C003F8B5C /* PBXTargetDependency */,
			);
			name = CoronaTrackerTests;
			productName = CoronaTrackerTests;
			productReference = 592D5B6F28CEC07C003F8B5C /* CoronaTrackerTests.xctest */;
			productType = "com.apple.product-type.bundle.unit-test";
		};
		592D5B7828CEC07C003F8B5C /* CoronaTrackerUITests */ = {
			isa = PBXNativeTarget;
			buildConfigurationList = 592D5B8928CEC07C003F8B5C /* Build configuration list for PBXNativeTarget "CoronaTrackerUITests" */;
			buildPhases = (
				592D5B7528CEC07C003F8B5C /* Sources */,
				592D5B7628CEC07C003F8B5C /* Frameworks */,
				592D5B7728CEC07C003F8B5C /* Resources */,
			);
			buildRules = (
			);
			dependencies = (
				592D5B7B28CEC07C003F8B5C /* PBXTargetDependency */,
			);
			name = CoronaTrackerUITests;
			productName = CoronaTrackerUITests;
			productReference = 592D5B7928CEC07C003F8B5C /* CoronaTrackerUITests.xctest */;
			productType = "com.apple.product-type.bundle.ui-testing";
		};
/* End PBXNativeTarget section */

/* Begin PBXProject section */
		592D5B4E28CEC079003F8B5C /* Project object */ = {
			isa = PBXProject;
			attributes = {
				BuildIndependentTargetsInParallel = 1;
				LastSwiftUpdateCheck = 1340;
				LastUpgradeCheck = 1340;
				TargetAttributes = {
					592D5B5528CEC079003F8B5C = {
						CreatedOnToolsVersion = 13.4.1;
					};
					592D5B6E28CEC07C003F8B5C = {
						CreatedOnToolsVersion = 13.4.1;
						TestTargetID = 592D5B5528CEC079003F8B5C;
					};
					592D5B7828CEC07C003F8B5C = {
						CreatedOnToolsVersion = 13.4.1;
						TestTargetID = 592D5B5528CEC079003F8B5C;
					};
				};
			};
			buildConfigurationList = 592D5B5128CEC079003F8B5C /* Build configuration list for PBXProject "CoronaTracker" */;
			compatibilityVersion = "Xcode 13.0";
			developmentRegion = en;
			hasScannedForEncodings = 0;
			knownRegions = (
				en,
				Base,
			);
			mainGroup = 592D5B4D28CEC079003F8B5C;
			productRefGroup = 592D5B5728CEC079003F8B5C /* Products */;
			projectDirPath = "";
			projectRoot = "";
			targets = (
				592D5B5528CEC079003F8B5C /* CoronaTracker */,
				592D5B6E28CEC07C003F8B5C /* CoronaTrackerTests */,
				592D5B7828CEC07C003F8B5C /* CoronaTrackerUITests */,
			);
		};
/* End PBXProject section */

/* Begin PBXResourcesBuildPhase section */
		592D5B5428CEC079003F8B5C /* Resources */ = {
			isa = PBXResourcesBuildPhase;
			buildActionMask = 2147483647;
			files = (
				592D5B6928CEC07C003F8B5C /* LaunchScreen.storyboard in Resources */,
				592D5B6628CEC07C003F8B5C /* Assets.xcassets in Resources */,
				592D5B6128CEC079003F8B5C /* Main.storyboard in Resources */,
			);
			runOnlyForDeploymentPostprocessing = 0;
		};
		592D5B6D28CEC07C003F8B5C /* Resources */ = {
			isa = PBXResourcesBuildPhase;
			buildActionMask = 2147483647;
			files = (
			);
			runOnlyForDeploymentPostprocessing = 0;
		};
		592D5B7728CEC07C003F8B5C /* Resources */ = {
			isa = PBXResourcesBuildPhase;
			buildActionMask = 2147483647;
			files = (
			);
			runOnlyForDeploymentPostprocessing = 0;
		};
/* End PBXResourcesBuildPhase section */

/* Begin PBXSourcesBuildPhase section */
		592D5B5228CEC079003F8B5C /* Sources */ = {
			isa = PBXSourcesBuildPhase;
			buildActionMask = 2147483647;
			files = (
				592D5B6428CEC079003F8B5C /* CoronaTracker.xcdatamodeld in Sources */,
				592D5B5E28CEC079003F8B5C /* ViewController.swift in Sources */,
				592D5B5A28CEC079003F8B5C /* AppDelegate.swift in Sources */,
				592D5B8F28CEDAFC003F8B5C /* passingInfo.swift in Sources */,
				592D5B5C28CEC079003F8B5C /* SceneDelegate.swift in Sources */,
				592D5B8D28CED589003F8B5C /* Results.swift in Sources */,
			);
			runOnlyForDeploymentPostprocessing = 0;
		};
		592D5B6B28CEC07C003F8B5C /* Sources */ = {
			isa = PBXSourcesBuildPhase;
			buildActionMask = 2147483647;
			files = (
				592D5B7428CEC07C003F8B5C /* CoronaTrackerTests.swift in Sources */,
			);
			runOnlyForDeploymentPostprocessing = 0;
		};
		592D5B7528CEC07C003F8B5C /* Sources */ = {
			isa = PBXSourcesBuildPhase;
			buildActionMask = 2147483647;
			files = (
				592D5B7E28CEC07C003F8B5C /* CoronaTrackerUITests.swift in Sources */,
				592D5B8028CEC07C003F8B5C /* CoronaTrackerUITestsLaunchTests.swift in Sources */,
			);
			runOnlyForDeploymentPostprocessing = 0;
		};
/* End PBXSourcesBuildPhase section */

/* Begin PBXTargetDependency section */
		592D5B7128CEC07C003F8B5C /* PBXTargetDependency */ = {
			isa = PBXTargetDependency;
			target = 592D5B5528CEC079003F8B5C /* CoronaTracker */;
			targetProxy = 592D5B7028CEC07C003F8B5C /* PBXContainerItemProxy */;
		};
		592D5B7B28CEC07C003F8B5C /* PBXTargetDependency */ = {
			isa = PBXTargetDependency;
			target = 592D5B5528CEC079003F8B5C /* CoronaTracker */;
			targetProxy = 592D5B7A28CEC07C003F8B5C /* PBXContainerItemProxy */;
		};
/* End PBXTargetDependency section */

/* Begin PBXVariantGroup section */
		592D5B5F28CEC079003F8B5C /* Main.storyboard */ = {
			isa = PBXVariantGroup;
			children = (
				592D5B6028CEC079003F8B5C /* Base */,
			);
			name = Main.storyboard;
			sourceTree = "<group>";
		};
		592D5B6728CEC07C003F8B5C /* LaunchScreen.storyboard */ = {
			isa = PBXVariantGroup;
			children = (
				592D5B6828CEC07C003F8B5C /* Base */,
			);
			name = LaunchScreen.storyboard;
			sourceTree = "<group>";
		};
/* End PBXVariantGroup section */

/* Begin XCBuildConfiguration section */
		592D5B8128CEC07C003F8B5C /* Debug */ = {
			isa = XCBuildConfiguration;
			buildSettings = {
				ALWAYS_SEARCH_USER_PATHS = NO;
				CLANG_ANALYZER_NONNULL = YES;
				CLANG_ANALYZER_NUMBER_OBJECT_CONVERSION = YES_AGGRESSIVE;
				CLANG_CXX_LANGUAGE_STANDARD = "gnu++17";
				CLANG_ENABLE_MODULES = YES;
				CLANG_ENABLE_OBJC_ARC = YES;
				CLANG_ENABLE_OBJC_WEAK = YES;
				CLANG_WARN_BLOCK_CAPTURE_AUTORELEASING = YES;
				CLANG_WARN_BOOL_CONVERSION = YES;
				CLANG_WARN_COMMA = YES;
				CLANG_WARN_CONSTANT_CONVERSION = YES;
				CLANG_WARN_DEPRECATED_OBJC_IMPLEMENTATIONS = YES;
				CLANG_WARN_DIRECT_OBJC_ISA_USAGE = YES_ERROR;
				CLANG_WARN_DOCUMENTATION_COMMENTS = YES;
				CLANG_WARN_EMPTY_BODY = YES;
				CLANG_WARN_ENUM_CONVERSION = YES;
				CLANG_WARN_INFINITE_RECURSION = YES;
				CLANG_WARN_INT_CONVERSION = YES;
				CLANG_WARN_NON_LITERAL_NULL_CONVERSION = YES;
				CLANG_WARN_OBJC_IMPLICIT_RETAIN_SELF = YES;
				CLANG_WARN_OBJC_LITERAL_CONVERSION = YES;
				CLANG_WARN_OBJC_ROOT_CLASS = YES_ERROR;
				CLANG_WARN_QUOTED_INCLUDE_IN_FRAMEWORK_HEADER = YES;
				CLANG_WARN_RANGE_LOOP_ANALYSIS = YES;
				CLANG_WARN_STRICT_PROTOTYPES = YES;
				CLANG_WARN_SUSPICIOUS_MOVE = YES;
				CLANG_WARN_UNGUARDED_AVAILABILITY = YES_AGGRESSIVE;
				CLANG_WARN_UNREACHABLE_CODE = YES;
				CLANG_WARN__DUPLICATE_METHOD_MATCH = YES;
				COPY_PHASE_STRIP = NO;
				DEBUG_INFORMATION_FORMAT = dwarf;
				ENABLE_STRICT_OBJC_MSGSEND = YES;
				ENABLE_TESTABILITY = YES;
				GCC_C_LANGUAGE_STANDARD = gnu11;
				GCC_DYNAMIC_NO_PIC = NO;
				GCC_NO_COMMON_BLOCKS = YES;
				GCC_OPTIMIZATION_LEVEL = 0;
				GCC_PREPROCESSOR_DEFINITIONS = (
					"DEBUG=1",
					"$(inherited)",
				);
				GCC_WARN_64_TO_32_BIT_CONVERSION = YES;
				GCC_WARN_ABOUT_RETURN_TYPE = YES_ERROR;
				GCC_WARN_UNDECLARED_SELECTOR = YES;
				GCC_WARN_UNINITIALIZED_AUTOS = YES_AGGRESSIVE;
				GCC_WARN_UNUSED_FUNCTION = YES;
				GCC_WARN_UNUSED_VARIABLE = YES;
				IPHONEOS_DEPLOYMENT_TARGET = 15.5;
				MTL_ENABLE_DEBUG_INFO = INCLUDE_SOURCE;
				MTL_FAST_MATH = YES;
				ONLY_ACTIVE_ARCH = YES;
				SDKROOT = iphoneos;
				SWIFT_ACTIVE_COMPILATION_CONDITIONS = DEBUG;
				SWIFT_OPTIMIZATION_LEVEL = "-Onone";
			};
			name = Debug;
		};
		592D5B8228CEC07C003F8B5C /* Release */ = {
			isa = XCBuildConfiguration;
			buildSettings = {
				ALWAYS_SEARCH_USER_PATHS = NO;
				CLANG_ANALYZER_NONNULL = YES;
				CLANG_ANALYZER_NUMBER_OBJECT_CONVERSION = YES_AGGRESSIVE;
				CLANG_CXX_LANGUAGE_STANDARD = "gnu++17";
				CLANG_ENABLE_MODULES = YES;
				CLANG_ENABLE_OBJC_ARC = YES;
				CLANG_ENABLE_OBJC_WEAK = YES;
				CLANG_WARN_BLOCK_CAPTURE_AUTORELEASING = YES;
				CLANG_WARN_BOOL_CONVERSION = YES;
				CLANG_WARN_COMMA = YES;
				CLANG_WARN_CONSTANT_CONVERSION = YES;
				CLANG_WARN_DEPRECATED_OBJC_IMPLEMENTATIONS = YES;
				CLANG_WARN_DIRECT_OBJC_ISA_USAGE = YES_ERROR;
				CLANG_WARN_DOCUMENTATION_COMMENTS = YES;
				CLANG_WARN_EMPTY_BODY = YES;
				CLANG_WARN_ENUM_CONVERSION = YES;
				CLANG_WARN_INFINITE_RECURSION = YES;
				CLANG_WARN_INT_CONVERSION = YES;
				CLANG_WARN_NON_LITERAL_NULL_CONVERSION = YES;
				CLANG_WARN_OBJC_IMPLICIT_RETAIN_SELF = YES;
				CLANG_WARN_OBJC_LITERAL_CONVERSION = YES;
				CLANG_WARN_OBJC_ROOT_CLASS = YES_ERROR;
				CLANG_WARN_QUOTED_INCLUDE_IN_FRAMEWORK_HEADER = YES;
				CLANG_WARN_RANGE_LOOP_ANALYSIS = YES;
				CLANG_WARN_STRICT_PROTOTYPES = YES;
				CLANG_WARN_SUSPICIOUS_MOVE = YES;
				CLANG_WARN_UNGUARDED_AVAILABILITY = YES_AGGRESSIVE;
				CLANG_WARN_UNREACHABLE_CODE = YES;
				CLANG_WARN__DUPLICATE_METHOD_MATCH = YES;
				COPY_PHASE_STRIP = NO;
				DEBUG_INFORMATION_FORMAT = "dwarf-with-dsym";
				ENABLE_NS_ASSERTIONS = NO;
				ENABLE_STRICT_OBJC_MSGSEND = YES;
				GCC_C_LANGUAGE_STANDARD = gnu11;
				GCC_NO_COMMON_BLOCKS = YES;
				GCC_WARN_64_TO_32_BIT_CONVERSION = YES;
				GCC_WARN_ABOUT_RETURN_TYPE = YES_ERROR;
				GCC_WARN_UNDECLARED_SELECTOR = YES;
				GCC_WARN_UNINITIALIZED_AUTOS = YES_AGGRESSIVE;
				GCC_WARN_UNUSED_FUNCTION = YES;
				GCC_WARN_UNUSED_VARIABLE = YES;
				IPHONEOS_DEPLOYMENT_TARGET = 15.5;
				MTL_ENABLE_DEBUG_INFO = NO;
				MTL_FAST_MATH = YES;
				SDKROOT = iphoneos;
				SWIFT_COMPILATION_MODE = wholemodule;
				SWIFT_OPTIMIZATION_LEVEL = "-O";
				VALIDATE_PRODUCT = YES;
			};
			name = Release;
		};
		592D5B8428CEC07C003F8B5C /* Debug */ = {
			isa = XCBuildConfiguration;
			buildSettings = {
				ASSETCATALOG_COMPILER_APPICON_NAME = AppIcon;
				ASSETCATALOG_COMPILER_GLOBAL_ACCENT_COLOR_NAME = AccentColor;
				CODE_SIGN_STYLE = Automatic;
				CURRENT_PROJECT_VERSION = 1;
				DEVELOPMENT_TEAM = P2ZA67AVPM;
				GENERATE_INFOPLIST_FILE = YES;
				INFOPLIST_FILE = CoronaTracker/Info.plist;
				INFOPLIST_KEY_UIApplicationSupportsIndirectInputEvents = YES;
				INFOPLIST_KEY_UILaunchStoryboardName = LaunchScreen;
				INFOPLIST_KEY_UIMainStoryboardFile = Main;
				INFOPLIST_KEY_UISupportedInterfaceOrientations_iPad = "UIInterfaceOrientationPortrait UIInterfaceOrientationPortraitUpsideDown UIInterfaceOrientationLandscapeLeft UIInterfaceOrientationLandscapeRight";
				INFOPLIST_KEY_UISupportedInterfaceOrientations_iPhone = "UIInterfaceOrientationPortrait UIInterfaceOrientationLandscapeLeft UIInterfaceOrientationLandscapeRight";
				LD_RUNPATH_SEARCH_PATHS = (
					"$(inherited)",
					"@executable_path/Frameworks",
				);
				MARKETING_VERSION = 1.0;
				PRODUCT_BUNDLE_IDENTIFIER = Personal.CoronaTracker;
				PRODUCT_NAME = "$(TARGET_NAME)";
				SWIFT_EMIT_LOC_STRINGS = YES;
				SWIFT_VERSION = 5.0;
				TARGETED_DEVICE_FAMILY = "1,2";
			};
			name = Debug;
		};
		592D5B8528CEC07C003F8B5C /* Release */ = {
			isa = XCBuildConfiguration;
			buildSettings = {
				ASSETCATALOG_COMPILER_APPICON_NAME = AppIcon;
				ASSETCATALOG_COMPILER_GLOBAL_ACCENT_COLOR_NAME = AccentColor;
				CODE_SIGN_STYLE = Automatic;
				CURRENT_PROJECT_VERSION = 1;
				DEVELOPMENT_TEAM = P2ZA67AVPM;
				GENERATE_INFOPLIST_FILE = YES;
				INFOPLIST_FILE = CoronaTracker/Info.plist;
				INFOPLIST_KEY_UIApplicationSupportsIndirectInputEvents = YES;
				INFOPLIST_KEY_UILaunchStoryboardName = LaunchScreen;
				INFOPLIST_KEY_UIMainStoryboardFile = Main;
				INFOPLIST_KEY_UISupportedInterfaceOrientations_iPad = "UIInterfaceOrientationPortrait UIInterfaceOrientationPortraitUpsideDown UIInterfaceOrientationLandscapeLeft UIInterfaceOrientationLandscapeRight";
				INFOPLIST_KEY_UISupportedInterfaceOrientations_iPhone = "UIInterfaceOrientationPortrait UIInterfaceOrientationLandscapeLeft UIInterfaceOrientationLandscapeRight";
				LD_RUNPATH_SEARCH_PATHS = (
					"$(inherited)",
					"@executable_path/Frameworks",
				);
				MARKETING_VERSION = 1.0;
				PRODUCT_BUNDLE_IDENTIFIER = Personal.CoronaTracker;
				PRODUCT_NAME = "$(TARGET_NAME)";
				SWIFT_EMIT_LOC_STRINGS = YES;
				SWIFT_VERSION = 5.0;
				TARGETED_DEVICE_FAMILY = "1,2";
			};
			name = Release;
		};
		592D5B8728CEC07C003F8B5C /* Debug */ = {
			isa = XCBuildConfiguration;
			buildSettings = {
				ALWAYS_EMBED_SWIFT_STANDARD_LIBRARIES = YES;
				BUNDLE_LOADER = "$(TEST_HOST)";
				CODE_SIGN_STYLE = Automatic;
				CURRENT_PROJECT_VERSION = 1;
				DEVELOPMENT_TEAM = P2ZA67AVPM;
				GENERATE_INFOPLIST_FILE = YES;
				IPHONEOS_DEPLOYMENT_TARGET = 15.5;
				MARKETING_VERSION = 1.0;
				PRODUCT_BUNDLE_IDENTIFIER = Personal.CoronaTrackerTests;
				PRODUCT_NAME = "$(TARGET_NAME)";
				SWIFT_EMIT_LOC_STRINGS = NO;
				SWIFT_VERSION = 5.0;
				TARGETED_DEVICE_FAMILY = "1,2";
				TEST_HOST = "$(BUILT_PRODUCTS_DIR)/CoronaTracker.app/CoronaTracker";
			};
			name = Debug;
		};
		592D5B8828CEC07C003F8B5C /* Release */ = {
			isa = XCBuildConfiguration;
			buildSettings = {
				ALWAYS_EMBED_SWIFT_STANDARD_LIBRARIES = YES;
				BUNDLE_LOADER = "$(TEST_HOST)";
				CODE_SIGN_STYLE = Automatic;
				CURRENT_PROJECT_VERSION = 1;
				DEVELOPMENT_TEAM = P2ZA67AVPM;
				GENERATE_INFOPLIST_FILE = YES;
				IPHONEOS_DEPLOYMENT_TARGET = 15.5;
				MARKETING_VERSION = 1.0;
				PRODUCT_BUNDLE_IDENTIFIER = Personal.CoronaTrackerTests;
				PRODUCT_NAME = "$(TARGET_NAME)";
				SWIFT_EMIT_LOC_STRINGS = NO;
				SWIFT_VERSION = 5.0;
				TARGETED_DEVICE_FAMILY = "1,2";
				TEST_HOST = "$(BUILT_PRODUCTS_DIR)/CoronaTracker.app/CoronaTracker";
			};
			name = Release;
		};
		592D5B8A28CEC07C003F8B5C /* Debug */ = {
			isa = XCBuildConfiguration;
			buildSettings = {
				ALWAYS_EMBED_SWIFT_STANDARD_LIBRARIES = YES;
				CODE_SIGN_STYLE = Automatic;
				CURRENT_PROJECT_VERSION = 1;
				DEVELOPMENT_TEAM = P2ZA67AVPM;
				GENERATE_INFOPLIST_FILE = YES;
				MARKETING_VERSION = 1.0;
				PRODUCT_BUNDLE_IDENTIFIER = Personal.CoronaTrackerUITests;
				PRODUCT_NAME = "$(TARGET_NAME)";
				SWIFT_EMIT_LOC_STRINGS = NO;
				SWIFT_VERSION = 5.0;
				TARGETED_DEVICE_FAMILY = "1,2";
				TEST_TARGET_NAME = CoronaTracker;
			};
			name = Debug;
		};
		592D5B8B28CEC07C003F8B5C /* Release */ = {
			isa = XCBuildConfiguration;
			buildSettings = {
				ALWAYS_EMBED_SWIFT_STANDARD_LIBRARIES = YES;
				CODE_SIGN_STYLE = Automatic;
				CURRENT_PROJECT_VERSION = 1;
				DEVELOPMENT_TEAM = P2ZA67AVPM;
				GENERATE_INFOPLIST_FILE = YES;
				MARKETING_VERSION = 1.0;
				PRODUCT_BUNDLE_IDENTIFIER = Personal.CoronaTrackerUITests;
				PRODUCT_NAME = "$(TARGET_NAME)";
				SWIFT_EMIT_LOC_STRINGS = NO;
				SWIFT_VERSION = 5.0;
				TARGETED_DEVICE_FAMILY = "1,2";
				TEST_TARGET_NAME = CoronaTracker;
			};
			name = Release;
		};
/* End XCBuildConfiguration section */

/* Begin XCConfigurationList section */
		592D5B5128CEC079003F8B5C /* Build configuration list for PBXProject "CoronaTracker" */ = {
			isa = XCConfigurationList;
			buildConfigurations = (
				592D5B8128CEC07C003F8B5C /* Debug */,
				592D5B8228CEC07C003F8B5C /* Release */,
			);
			defaultConfigurationIsVisible = 0;
			defaultConfigurationName = Release;
		};
		592D5B8328CEC07C003F8B5C /* Build configuration list for PBXNativeTarget "CoronaTracker" */ = {
			isa = XCConfigurationList;
			buildConfigurations = (
				592D5B8428CEC07C003F8B5C /* Debug */,
				592D5B8528CEC07C003F8B5C /* Release */,
			);
			defaultConfigurationIsVisible = 0;
			defaultConfigurationName = Release;
		};
		592D5B8628CEC07C003F8B5C /* Build configuration list for PBXNativeTarget "CoronaTrackerTests" */ = {
			isa = XCConfigurationList;
			buildConfigurations = (
				592D5B8728CEC07C003F8B5C /* Debug */,
				592D5B8828CEC07C003F8B5C /* Release */,
			);
			defaultConfigurationIsVisible = 0;
			defaultConfigurationName = Release;
		};
		592D5B8928CEC07C003F8B5C /* Build configuration list for PBXNativeTarget "CoronaTrackerUITests" */ = {
			isa = XCConfigurationList;
			buildConfigurations = (
				592D5B8A28CEC07C003F8B5C /* Debug */,
				592D5B8B28CEC07C003F8B5C /* Release */,
			);
			defaultConfigurationIsVisible = 0;
			defaultConfigurationName = Release;
		};
/* End XCConfigurationList section */

/* Begin XCVersionGroup section */
		592D5B6228CEC079003F8B5C /* CoronaTracker.xcdatamodeld */ = {
			isa = XCVersionGroup;
			children = (
				592D5B6328CEC079003F8B5C /* CoronaTracker.xcdatamodel */,
			);
			currentVersion = 592D5B6328CEC079003F8B5C /* CoronaTracker.xcdatamodel */;
			path = CoronaTracker.xcdatamodeld;
			sourceTree = "<group>";
			versionGroupType = wrapper.xcdatamodel;
		};
/* End XCVersionGroup section */
	};
	rootObject = 592D5B4E28CEC079003F8B5C /* Project object */;
}
